
Microsoft Visual Studio Solution File, Format Version 12.00
# Visual Studio Version 17
VisualStudioVersion = 17.8.34330.188
MinimumVisualStudioVersion = 10.0.40219.1
Project("{9A19103F-16F7-4668-BE54-9A1E7A4F7556}") = "WebSystem.Core", "WebSystem.Core.csproj", "{B70CD885-94C5-48DE-B225-1344052E3221}"
EndProject
Project("{9A19103F-16F7-4668-BE54-9A1E7A4F7556}") = "WebSystem.Test", "..\WebSystem.Test\WebSystem.Test.csproj", "{C23E5362-7FD8-4FF7-A407-7B391D1DA5D6}"
EndProject
Project("{2150E333-8FDC-42A3-9474-1A3956D46DE8}") = ".github", ".github", "{6004838F-A7FD-4690-B245-E51B0A1AD78F}"
EndProject
Project("{2150E333-8FDC-42A3-9474-1A3956D46DE8}") = "workflows", "workflows", "{2823F90F-4487-4259-936C-0F8D79914367}"
	ProjectSection(SolutionItems) = preProject
		main.yml = main.yml
	EndProjectSection
EndProject
Global
	GlobalSection(SolutionConfigurationPlatforms) = preSolution
		Debug|Any CPU = Debug|Any CPU
		Release|Any CPU = Release|Any CPU
	EndGlobalSection
	GlobalSection(ProjectConfigurationPlatforms) = postSolution
		{B70CD885-94C5-48DE-B225-1344052E3221}.Debug|Any CPU.ActiveCfg = Debug|Any CPU
		{B70CD885-94C5-48DE-B225-1344052E3221}.Debug|Any CPU.Build.0 = Debug|Any CPU
		{B70CD885-94C5-48DE-B225-1344052E3221}.Release|Any CPU.ActiveCfg = Release|Any CPU
		{B70CD885-94C5-48DE-B225-1344052E3221}.Release|Any CPU.Build.0 = Release|Any CPU
		{C23E5362-7FD8-4FF7-A407-7B391D1DA5D6}.Debug|Any CPU.ActiveCfg = Debug|Any CPU
		{C23E5362-7FD8-4FF7-A407-7B391D1DA5D6}.Debug|Any CPU.Build.0 = Debug|Any CPU
		{C23E5362-7FD8-4FF7-A407-7B391D1DA5D6}.Release|Any CPU.ActiveCfg = Release|Any CPU
		{C23E5362-7FD8-4FF7-A407-7B391D1DA5D6}.Release|Any CPU.Build.0 = Release|Any CPU
	EndGlobalSection
	GlobalSection(SolutionProperties) = preSolution
		HideSolutionNode = FALSE
	EndGlobalSection
	GlobalSection(NestedProjects) = preSolution
		{2823F90F-4487-4259-936C-0F8D79914367} = {6004838F-A7FD-4690-B245-E51B0A1AD78F}
	EndGlobalSection
	GlobalSection(ExtensibilityGlobals) = postSolution
		SolutionGuid = {19419E2B-4092-4D71-BDB5-77FFE46D9EE4}
	EndGlobalSection
EndGlobal
